PODS:
  - finvu_flutter_sdk (0.0.1):
    - FinvuSDK (~> 0.1)
    - Flutter
  - FinvuSDK (0.1.0):
    - FinvuSDK/Client (= 0.1.0)
    - Starscream (~> 4.0.6)
    - TrustKit (~> 3.0.4)
  - FinvuSDK/Client (0.1.0):
    - FinvuSDK/Core
    - Starscream (~> 4.0.6)
    - TrustKit (~> 3.0.4)
  - FinvuSDK/Core (0.1.0):
    - Starscream (~> 4.0.6)
    - TrustKit (~> 3.0.4)
  - Flutter (1.0.0)
  - integration_test (0.0.1):
    - Flutter
  - Starscream (4.0.8)
  - TrustKit (3.0.4)

DEPENDENCIES:
  - finvu_flutter_sdk (from `.symlinks/plugins/finvu_flutter_sdk/ios`)
  - FinvuSDK (from `../../../../finvu_ios_sdk`)
  - Flutter (from `Flutter`)
  - integration_test (from `.symlinks/plugins/integration_test/ios`)

SPEC REPOS:
  trunk:
    - Starscream
    - TrustKit

EXTERNAL SOURCES:
  finvu_flutter_sdk:
    :path: ".symlinks/plugins/finvu_flutter_sdk/ios"
  FinvuSDK:
    :path: "../../../../finvu_ios_sdk"
  Flutter:
    :path: Flutter
  integration_test:
    :path: ".symlinks/plugins/integration_test/ios"

SPEC CHECKSUMS:
  finvu_flutter_sdk: d39c869b1fae0d22e4a40ae49154f479cba53105
  FinvuSDK: eedcb18fa63b84f850228731f28d5bc92471db5b
  Flutter: e0871f40cf51350855a761d2e70bf5af5b9b5de7
  integration_test: ce0a3ffa1de96d1a89ca0ac26fca7ea18a749ef4
  Starscream: 19b5533ddb925208db698f0ac508a100b884a1b9
  TrustKit: 403e8d2cfbff2abfc37cd41acc558dab8ec78e59

PODFILE CHECKSUM: 07ede0bc2e3d0d64a8ecd087a8f96a7fba5d862f

COCOAPODS: 1.15.2
